<?xml version="1.0" encoding="utf-8"?>
<Project ToolsVersion="4.0" xmlns="http://schemas.microsoft.com/developer/msbuild/2003">
  <ItemGroup>
    <Filter Include="Source Files">
      <UniqueIdentifier>{4FC737F1-C7A5-4376-A066-2A32D752A2FF}</UniqueIdentifier>
      <Extensions>cpp;c;cc;cxx;c++;cppm;ixx;def;odl;idl;hpj;bat;asm;asmx</Extensions>
    </Filter>
    <Filter Include="Header Files">
      <UniqueIdentifier>{93995380-89BD-4b04-88EB-625FBE52EBFB}</UniqueIdentifier>
      <Extensions>h;hh;hpp;hxx;h++;hm;inl;inc;ipp;xsd</Extensions>
    </Filter>
    <Filter Include="Resource Files">
      <UniqueIdentifier>{67DA6AB6-F800-4c08-8B7A-83BB121AAD01}</UniqueIdentifier>
      <Extensions>rc;ico;cur;bmp;dlg;rc2;rct;bin;rgs;gif;jpg;jpeg;jpe;resx;tiff;tif;png;wav;mfcribbon-ms</Extensions>
    </Filter>
    <Filter Include="Header Files\imgui">
      <UniqueIdentifier>{5cb8620e-8e05-4903-8c04-7fe6f79fb1b6}</UniqueIdentifier>
    </Filter>
    <Filter Include="Source Files\imgui">
      <UniqueIdentifier>{fd2a5698-4a84-4709-8047-5180df12cb43}</UniqueIdentifier>
    </Filter>
  </ItemGroup>
  <ItemGroup>
    <ClCompile Include="main.cpp">
      <Filter>Source Files</Filter>
    </ClCompile>
    <ClCompile Include="dependencies_GL_GLFW\include\imgui\imgui.cpp">
      <Filter>Source Files\imgui</Filter>
    </ClCompile>
    <ClCompile Include="dependencies_GL_GLFW\include\imgui\imgui_demo.cpp">
      <Filter>Source Files\imgui</Filter>
    </ClCompile>
    <ClCompile Include="dependencies_GL_GLFW\include\imgui\imgui_draw.cpp">
      <Filter>Source Files\imgui</Filter>
    </ClCompile>
    <ClCompile Include="dependencies_GL_GLFW\include\imgui\imgui_impl_glfw.cpp">
      <Filter>Source Files\imgui</Filter>
    </ClCompile>
    <ClCompile Include="dependencies_GL_GLFW\include\imgui\imgui_impl_opengl3.cpp">
      <Filter>Source Files\imgui</Filter>
    </ClCompile>
    <ClCompile Include="dependencies_GL_GLFW\include\imgui\imgui_tables.cpp">
      <Filter>Source Files\imgui</Filter>
    </ClCompile>
    <ClCompile Include="dependencies_GL_GLFW\include\imgui\imgui_widgets.cpp">
      <Filter>Source Files\imgui</Filter>
    </ClCompile>
    <ClCompile Include="gestione_curve.cpp">
      <Filter>Source Files</Filter>
    </ClCompile>
    <ClCompile Include="init_geometrie.cpp">
      <Filter>Source Files</Filter>
    </ClCompile>
    <ClCompile Include="inizializzazioni.cpp">
      <Filter>Source Files</Filter>
    </ClCompile>
    <ClCompile Include="Gui.cpp">
      <Filter>Source Files</Filter>
    </ClCompile>
    <ClCompile Include="ShaderMaker.cpp">
      <Filter>Source Files</Filter>
    </ClCompile>
    <ClCompile Include="rendering.cpp">
      <Filter>Source Files</Filter>
    </ClCompile>
    <ClCompile Include="dependencies_GL_GLFW\include\glad\src\glad.c">
      <Filter>Source Files</Filter>
    </ClCompile>
    <ClCompile Include="gestione_interazioni.cpp">
      <Filter>Source Files</Filter>
    </ClCompile>
    <ClCompile Include="Utilities.cpp">
      <Filter>Source Files</Filter>
    </ClCompile>
  </ItemGroup>
  <ItemGroup>
    <ClInclude Include="dependencies_GL_GLFW\include\imgui\imconfig.h">
      <Filter>Header Files\imgui</Filter>
    </ClInclude>
    <ClInclude Include="dependencies_GL_GLFW\include\imgui\imgui.h">
      <Filter>Header Files\imgui</Filter>
    </ClInclude>
    <ClInclude Include="dependencies_GL_GLFW\include\imgui\imgui_impl_glfw.h">
      <Filter>Header Files\imgui</Filter>
    </ClInclude>
    <ClInclude Include="dependencies_GL_GLFW\include\imgui\imgui_impl_opengl3.h">
      <Filter>Header Files\imgui</Filter>
    </ClInclude>
    <ClInclude Include="dependencies_GL_GLFW\include\imgui\imgui_impl_opengl3_loader.h">
      <Filter>Header Files\imgui</Filter>
    </ClInclude>
    <ClInclude Include="dependencies_GL_GLFW\include\imgui\imgui_internal.h">
      <Filter>Header Files\imgui</Filter>
    </ClInclude>
    <ClInclude Include="dependencies_GL_GLFW\include\imgui\imstb_rectpack.h">
      <Filter>Header Files\imgui</Filter>
    </ClInclude>
    <ClInclude Include="dependencies_GL_GLFW\include\imgui\imstb_textedit.h">
      <Filter>Header Files\imgui</Filter>
    </ClInclude>
    <ClInclude Include="dependencies_GL_GLFW\include\imgui\imstb_truetype.h">
      <Filter>Header Files\imgui</Filter>
    </ClInclude>
    <ClInclude Include="gestione_curve.h">
      <Filter>Header Files</Filter>
    </ClInclude>
    <ClInclude Include="gestione_interazioni.h">
      <Filter>Header Files</Filter>
    </ClInclude>
    <ClInclude Include="Gui.h">
      <Filter>Header Files</Filter>
    </ClInclude>
    <ClInclude Include="init_geometrie.h">
      <Filter>Header Files</Filter>
    </ClInclude>
    <ClInclude Include="inizializzazioni.h">
      <Filter>Header Files</Filter>
    </ClInclude>
    <ClInclude Include="lib.h">
      <Filter>Header Files</Filter>
    </ClInclude>
    <ClInclude Include="rendering.h">
      <Filter>Header Files</Filter>
    </ClInclude>
    <ClInclude Include="ShaderMaker.h">
      <Filter>Header Files</Filter>
    </ClInclude>
    <ClInclude Include="strutture.h">
      <Filter>Header Files</Filter>
    </ClInclude>
    <ClInclude Include="Utilities.h">
      <Filter>Header Files</Filter>
    </ClInclude>
  </ItemGroup>
  <ItemGroup>
    <None Include="fragmentShader_Space.glsl">
      <Filter>Resource Files</Filter>
    </None>
    <None Include="FragmentShader_Text.glsl">
      <Filter>Resource Files</Filter>
    </None>
    <None Include="fragmentShaderM.glsl">
      <Filter>Resource Files</Filter>
    </None>
    <None Include="fragmentShaderSf.glsl">
      <Filter>Resource Files</Filter>
    </None>
    <None Include="fragmentShaderSky_OK.glsl">
      <Filter>Resource Files</Filter>
    </None>
    <None Include="VertexShader_Text.glsl">
      <Filter>Resource Files</Filter>
    </None>
    <None Include="vertexShaderM.glsl">
      <Filter>Resource Files</Filter>
    </None>
    <None Include="vertexShaderSf.glsl">
      <Filter>Resource Files</Filter>
    </None>
  </ItemGroup>
</Project>